
Microsoft Visual Studio Solution File, Format Version 12.00
# Visual Studio 15
VisualStudioVersion = 15.0.26430.6
MinimumVisualStudioVersion = 10.0.40219.1
Project("{FAE04EC0-301F-11D3-BF4B-00C04F79EFBC}") = "DiceService", "DiceService\DiceService.csproj", "{989054EF-FE87-46BD-8A42-72D255FA0C9C}"
EndProject
Project("{FAE04EC0-301F-11D3-BF4B-00C04F79EFBC}") = "DiceService.UnitTests", "DiceService.UnitTests\DiceService.UnitTests.csproj", "{849A4C10-A8A5-4CBE-9AFD-FB7EFED3E132}"
EndProject
Project("{FAE04EC0-301F-11D3-BF4B-00C04F79EFBC}") = "ADD2CharacterService", "ADD2CharacterService\ADD2CharacterService.csproj", "{82518231-37D5-47BD-A6F3-CBC73D273BC6}"
EndProject
Project("{FAE04EC0-301F-11D3-BF4B-00C04F79EFBC}") = "ADD2CharacterService.Storyteller", "ADD2CharacterService.Storyteller\ADD2CharacterService.Storyteller.csproj", "{C2FD83FB-3096-44C0-B07D-75E18581C052}"
EndProject
Global
	GlobalSection(SolutionConfigurationPlatforms) = preSolution
		Debug|Any CPU = Debug|Any CPU
		Release|Any CPU = Release|Any CPU
	EndGlobalSection
	GlobalSection(ProjectConfigurationPlatforms) = postSolution
		{989054EF-FE87-46BD-8A42-72D255FA0C9C}.Debug|Any CPU.ActiveCfg = Debug|Any CPU
		{989054EF-FE87-46BD-8A42-72D255FA0C9C}.Debug|Any CPU.Build.0 = Debug|Any CPU
		{989054EF-FE87-46BD-8A42-72D255FA0C9C}.Release|Any CPU.ActiveCfg = Release|Any CPU
		{989054EF-FE87-46BD-8A42-72D255FA0C9C}.Release|Any CPU.Build.0 = Release|Any CPU
		{849A4C10-A8A5-4CBE-9AFD-FB7EFED3E132}.Debug|Any CPU.ActiveCfg = Debug|Any CPU
		{849A4C10-A8A5-4CBE-9AFD-FB7EFED3E132}.Debug|Any CPU.Build.0 = Debug|Any CPU
		{849A4C10-A8A5-4CBE-9AFD-FB7EFED3E132}.Release|Any CPU.ActiveCfg = Release|Any CPU
		{849A4C10-A8A5-4CBE-9AFD-FB7EFED3E132}.Release|Any CPU.Build.0 = Release|Any CPU
		{82518231-37D5-47BD-A6F3-CBC73D273BC6}.Debug|Any CPU.ActiveCfg = Debug|Any CPU
		{82518231-37D5-47BD-A6F3-CBC73D273BC6}.Debug|Any CPU.Build.0 = Debug|Any CPU
		{82518231-37D5-47BD-A6F3-CBC73D273BC6}.Release|Any CPU.ActiveCfg = Release|Any CPU
		{82518231-37D5-47BD-A6F3-CBC73D273BC6}.Release|Any CPU.Build.0 = Release|Any CPU
		{C2FD83FB-3096-44C0-B07D-75E18581C052}.Debug|Any CPU.ActiveCfg = Debug|Any CPU
		{C2FD83FB-3096-44C0-B07D-75E18581C052}.Debug|Any CPU.Build.0 = Debug|Any CPU
		{C2FD83FB-3096-44C0-B07D-75E18581C052}.Release|Any CPU.ActiveCfg = Release|Any CPU
		{C2FD83FB-3096-44C0-B07D-75E18581C052}.Release|Any CPU.Build.0 = Release|Any CPU
	EndGlobalSection
	GlobalSection(SolutionProperties) = preSolution
		HideSolutionNode = FALSE
	EndGlobalSection
EndGlobal
