
Microsoft Visual Studio Solution File, Format Version 12.00
# Visual Studio 15
VisualStudioVersion = 15.0.26430.6
MinimumVisualStudioVersion = 10.0.40219.1
Project("{FAE04EC0-301F-11D3-BF4B-00C04F79EFBC}") = "ADD2CharacterService", "ADD2CharacterService\ADD2CharacterService.csproj", "{82518231-37D5-47BD-A6F3-CBC73D273BC6}"
EndProject
Project("{FAE04EC0-301F-11D3-BF4B-00C04F79EFBC}") = "CharGen.Storyteller", "CharGen.Storyteller\CharGen.Storyteller.csproj", "{315F8066-A79B-4CDD-B8CE-B34F2083F813}"
EndProject
Project("{FAE04EC0-301F-11D3-BF4B-00C04F79EFBC}") = "CharGen.UnitTests", "CharGen.UnitTests\CharGen.UnitTests.csproj", "{83D34BE2-ED5E-4AA2-8BD9-AEDDD93D53B2}"
EndProject
Global
	GlobalSection(SolutionConfigurationPlatforms) = preSolution
		Debug|Any CPU = Debug|Any CPU
		Release|Any CPU = Release|Any CPU
	EndGlobalSection
	GlobalSection(ProjectConfigurationPlatforms) = postSolution
		{82518231-37D5-47BD-A6F3-CBC73D273BC6}.Debug|Any CPU.ActiveCfg = Debug|Any CPU
		{82518231-37D5-47BD-A6F3-CBC73D273BC6}.Debug|Any CPU.Build.0 = Debug|Any CPU
		{82518231-37D5-47BD-A6F3-CBC73D273BC6}.Release|Any CPU.ActiveCfg = Release|Any CPU
		{82518231-37D5-47BD-A6F3-CBC73D273BC6}.Release|Any CPU.Build.0 = Release|Any CPU
		{315F8066-A79B-4CDD-B8CE-B34F2083F813}.Debug|Any CPU.ActiveCfg = Debug|Any CPU
		{315F8066-A79B-4CDD-B8CE-B34F2083F813}.Debug|Any CPU.Build.0 = Debug|Any CPU
		{315F8066-A79B-4CDD-B8CE-B34F2083F813}.Release|Any CPU.ActiveCfg = Release|Any CPU
		{315F8066-A79B-4CDD-B8CE-B34F2083F813}.Release|Any CPU.Build.0 = Release|Any CPU
		{83D34BE2-ED5E-4AA2-8BD9-AEDDD93D53B2}.Debug|Any CPU.ActiveCfg = Debug|Any CPU
		{83D34BE2-ED5E-4AA2-8BD9-AEDDD93D53B2}.Debug|Any CPU.Build.0 = Debug|Any CPU
		{83D34BE2-ED5E-4AA2-8BD9-AEDDD93D53B2}.Release|Any CPU.ActiveCfg = Release|Any CPU
		{83D34BE2-ED5E-4AA2-8BD9-AEDDD93D53B2}.Release|Any CPU.Build.0 = Release|Any CPU
	EndGlobalSection
	GlobalSection(SolutionProperties) = preSolution
		HideSolutionNode = FALSE
	EndGlobalSection
EndGlobal
