
Microsoft Visual Studio Solution File, Format Version 12.00
# Visual Studio 15
VisualStudioVersion = 15.0.26228.9
MinimumVisualStudioVersion = 10.0.40219.1
Project("{FAE04EC0-301F-11D3-BF4B-00C04F79EFBC}") = "DiceService", "DiceService\DiceService.csproj", "{989054EF-FE87-46BD-8A42-72D255FA0C9C}"
EndProject
Project("{FAE04EC0-301F-11D3-BF4B-00C04F79EFBC}") = "DiceService.UnitTests", "DiceService.UnitTests\DiceService.UnitTests.csproj", "{849A4C10-A8A5-4CBE-9AFD-FB7EFED3E132}"
EndProject
Project("{FAE04EC0-301F-11D3-BF4B-00C04F79EFBC}") = "PersistenceService", "PersistenceService\PersistenceService.csproj", "{39E06041-99FE-4A6B-9A8C-760D5E8A3838}"
EndProject
Project("{FAE04EC0-301F-11D3-BF4B-00C04F79EFBC}") = "PersistenceService.UnitTests", "PersistenceService.UnitTests\PersistenceService.UnitTests.csproj", "{49BFB4DB-95CB-4B91-894B-021BE267EE45}"
EndProject
Global
	GlobalSection(SolutionConfigurationPlatforms) = preSolution
		Debug|Any CPU = Debug|Any CPU
		Release|Any CPU = Release|Any CPU
	EndGlobalSection
	GlobalSection(ProjectConfigurationPlatforms) = postSolution
		{989054EF-FE87-46BD-8A42-72D255FA0C9C}.Debug|Any CPU.ActiveCfg = Debug|Any CPU
		{989054EF-FE87-46BD-8A42-72D255FA0C9C}.Debug|Any CPU.Build.0 = Debug|Any CPU
		{989054EF-FE87-46BD-8A42-72D255FA0C9C}.Release|Any CPU.ActiveCfg = Release|Any CPU
		{989054EF-FE87-46BD-8A42-72D255FA0C9C}.Release|Any CPU.Build.0 = Release|Any CPU
		{849A4C10-A8A5-4CBE-9AFD-FB7EFED3E132}.Debug|Any CPU.ActiveCfg = Debug|Any CPU
		{849A4C10-A8A5-4CBE-9AFD-FB7EFED3E132}.Debug|Any CPU.Build.0 = Debug|Any CPU
		{849A4C10-A8A5-4CBE-9AFD-FB7EFED3E132}.Release|Any CPU.ActiveCfg = Release|Any CPU
		{849A4C10-A8A5-4CBE-9AFD-FB7EFED3E132}.Release|Any CPU.Build.0 = Release|Any CPU
		{39E06041-99FE-4A6B-9A8C-760D5E8A3838}.Debug|Any CPU.ActiveCfg = Debug|Any CPU
		{39E06041-99FE-4A6B-9A8C-760D5E8A3838}.Debug|Any CPU.Build.0 = Debug|Any CPU
		{39E06041-99FE-4A6B-9A8C-760D5E8A3838}.Release|Any CPU.ActiveCfg = Release|Any CPU
		{39E06041-99FE-4A6B-9A8C-760D5E8A3838}.Release|Any CPU.Build.0 = Release|Any CPU
		{49BFB4DB-95CB-4B91-894B-021BE267EE45}.Debug|Any CPU.ActiveCfg = Debug|Any CPU
		{49BFB4DB-95CB-4B91-894B-021BE267EE45}.Debug|Any CPU.Build.0 = Debug|Any CPU
		{49BFB4DB-95CB-4B91-894B-021BE267EE45}.Release|Any CPU.ActiveCfg = Release|Any CPU
		{49BFB4DB-95CB-4B91-894B-021BE267EE45}.Release|Any CPU.Build.0 = Release|Any CPU
	EndGlobalSection
	GlobalSection(SolutionProperties) = preSolution
		HideSolutionNode = FALSE
	EndGlobalSection
EndGlobal
